{
  "pins" : [
    {
      "identity" : "marqueetext?tab=readme-ov-file",
      "kind" : "remoteSourceControl",
      "location" : "https://github.com/joekndy/MarqueeText?tab=readme-ov-file",
      "state" : {
        "branch" : "master",
        "revision" : "e18d514455563ad00581e0d825146c6f15b1c6c4"
      }
    },
    {
      "identity" : "starratingviewswiftui",
      "kind" : "remoteSourceControl",
      "location" : "https://github.com/magickworx/StarRatingViewSwiftUI",
      "state" : {
        "revision" : "7a177982b0d80c5c64e97deb6180380ad139293a",
        "version" : "1.1.0"
      }
    },
    {
      "identity" : "swiftui-cached-async-image",
      "kind" : "remoteSourceControl",
      "location" : "https://github.com/lorenzofiamingo/swiftui-cached-async-image",
      "state" : {
        "revision" : "467a3d17479887943ab917a379e62bbaff60ac8a",
        "version" : "2.1.1"
      }
    }
  ],
  "version" : 2
}
